
Microsoft Visual Studio Solution File, Format Version 12.00
# Visual Studio Version 17
VisualStudioVersion = 17.4.33205.214
MinimumVisualStudioVersion = 10.0.40219.1
Project("{FAE04EC0-301F-11D3-BF4B-00C04F79EFBC}") = "MidtermStudy", "MidtermStudy\MidtermStudy.csproj", "{59B6A716-3758-43CC-A8D7-A2C5AC730E1F}"
EndProject
Global
	GlobalSection(SolutionConfigurationPlatforms) = preSolution
		Debug|Any CPU = Debug|Any CPU
		Release|Any CPU = Release|Any CPU
	EndGlobalSection
	GlobalSection(ProjectConfigurationPlatforms) = postSolution
		{59B6A716-3758-43CC-A8D7-A2C5AC730E1F}.Debug|Any CPU.ActiveCfg = Debug|Any CPU
		{59B6A716-3758-43CC-A8D7-A2C5AC730E1F}.Debug|Any CPU.Build.0 = Debug|Any CPU
		{59B6A716-3758-43CC-A8D7-A2C5AC730E1F}.Release|Any CPU.ActiveCfg = Release|Any CPU
		{59B6A716-3758-43CC-A8D7-A2C5AC730E1F}.Release|Any CPU.Build.0 = Release|Any CPU
	EndGlobalSection
	GlobalSection(SolutionProperties) = preSolution
		HideSolutionNode = FALSE
	EndGlobalSection
	GlobalSection(ExtensibilityGlobals) = postSolution
		SolutionGuid = {C710F878-07FC-46EF-9FC8-BC4D03F54189}
	EndGlobalSection
EndGlobal
