
Microsoft Visual Studio Solution File, Format Version 12.00
# Visual Studio Version 17
VisualStudioVersion = 17.4.33205.214
MinimumVisualStudioVersion = 10.0.40219.1
Project("{FAE04EC0-301F-11D3-BF4B-00C04F79EFBC}") = "KayleeDalton2263Ex3", "KayleeDalton2263Ex3\KayleeDalton2263Ex3.csproj", "{F03E6317-53C7-4B9E-AC04-046D89E8B008}"
EndProject
Global
	GlobalSection(SolutionConfigurationPlatforms) = preSolution
		Debug|Any CPU = Debug|Any CPU
		Release|Any CPU = Release|Any CPU
	EndGlobalSection
	GlobalSection(ProjectConfigurationPlatforms) = postSolution
		{F03E6317-53C7-4B9E-AC04-046D89E8B008}.Debug|Any CPU.ActiveCfg = Debug|Any CPU
		{F03E6317-53C7-4B9E-AC04-046D89E8B008}.Debug|Any CPU.Build.0 = Debug|Any CPU
		{F03E6317-53C7-4B9E-AC04-046D89E8B008}.Release|Any CPU.ActiveCfg = Release|Any CPU
		{F03E6317-53C7-4B9E-AC04-046D89E8B008}.Release|Any CPU.Build.0 = Release|Any CPU
	EndGlobalSection
	GlobalSection(SolutionProperties) = preSolution
		HideSolutionNode = FALSE
	EndGlobalSection
	GlobalSection(ExtensibilityGlobals) = postSolution
		SolutionGuid = {3E77A0EB-4F53-476E-AB72-A318B278E79A}
	EndGlobalSection
EndGlobal
